
Microsoft Visual Studio Solution File, Format Version 12.00
# Visual Studio 15
VisualStudioVersion = 15.0.27004.2010
MinimumVisualStudioVersion = 10.0.40219.1
Project("{FAE04EC0-301F-11D3-BF4B-00C04F79EFBC}") = "AoC2017", "AoC2017\AoC2017.csproj", "{26A40073-763C-4B42-9800-D5DF13E0640A}"
EndProject
Project("{FAE04EC0-301F-11D3-BF4B-00C04F79EFBC}") = "AoC2017Test", "AoC2017Test\AoC2017Test.csproj", "{BE05FE73-246B-4D2E-88AF-9B1D7456478E}"
EndProject
Global
	GlobalSection(SolutionConfigurationPlatforms) = preSolution
		Debug|Any CPU = Debug|Any CPU
		Release|Any CPU = Release|Any CPU
	EndGlobalSection
	GlobalSection(ProjectConfigurationPlatforms) = postSolution
		{26A40073-763C-4B42-9800-D5DF13E0640A}.Debug|Any CPU.ActiveCfg = Debug|Any CPU
		{26A40073-763C-4B42-9800-D5DF13E0640A}.Debug|Any CPU.Build.0 = Debug|Any CPU
		{26A40073-763C-4B42-9800-D5DF13E0640A}.Release|Any CPU.ActiveCfg = Release|Any CPU
		{26A40073-763C-4B42-9800-D5DF13E0640A}.Release|Any CPU.Build.0 = Release|Any CPU
		{BE05FE73-246B-4D2E-88AF-9B1D7456478E}.Debug|Any CPU.ActiveCfg = Debug|Any CPU
		{BE05FE73-246B-4D2E-88AF-9B1D7456478E}.Debug|Any CPU.Build.0 = Debug|Any CPU
		{BE05FE73-246B-4D2E-88AF-9B1D7456478E}.Release|Any CPU.ActiveCfg = Release|Any CPU
		{BE05FE73-246B-4D2E-88AF-9B1D7456478E}.Release|Any CPU.Build.0 = Release|Any CPU
	EndGlobalSection
	GlobalSection(SolutionProperties) = preSolution
		HideSolutionNode = FALSE
	EndGlobalSection
	GlobalSection(ExtensibilityGlobals) = postSolution
		SolutionGuid = {CA294CCA-A294-44DA-A4A9-561ED58F1E5D}
	EndGlobalSection
EndGlobal
